{
  "version": "5",
  "specifiers": {
    "jsr:@takos/takosumi-contract@^2.6.0": "2.6.0",
    "npm:hono@^4.12.4": "4.12.15"
  },
  "jsr": {
    "@takos/takosumi-contract@2.6.0": {
      "integrity": "53e74963e617583ac319e8edaaf7ea627aba19036e8fc7707dc07a5ea80eef75"
    }
  },
  "npm": {
    "hono@4.12.15": {
      "integrity": "sha512-qM0jDhFEaCBb4TxoW7f53Qrpv9RBiayUHo0S52JudprkhvpjIrGoU1mnnr29Fvd1U335ZFPZQY1wlkqgfGXyLg=="
    }
  },
  "workspace": {
    "dependencies": [
      "jsr:@takos/takosumi-contract@^2.6.0",
      "npm:hono@^4.12.4"
    ]
  }
}
